
Microsoft Visual Studio Solution File, Format Version 12.00
# Visual Studio Version 16
VisualStudioVersion = 16.0.31019.35
MinimumVisualStudioVersion = 10.0.40219.1
Project("{FAE04EC0-301F-11D3-BF4B-00C04F79EFBC}") = "TimeTableManagements", "TimeTableManagements.csproj", "{E5EF4DC5-5990-4C62-A720-8D24538C8B54}"
EndProject
Project("{54435603-DBB4-11D2-8724-00A0C9A8B90C}") = "TimeTable", "..\TimeTable\TimeTable.vdproj", "{3B7721FB-6E9C-4700-81CC-E835F0DFBA29}"
EndProject
Global
	GlobalSection(SolutionConfigurationPlatforms) = preSolution
		Debug|Any CPU = Debug|Any CPU
		Release|Any CPU = Release|Any CPU
	EndGlobalSection
	GlobalSection(ProjectConfigurationPlatforms) = postSolution
		{E5EF4DC5-5990-4C62-A720-8D24538C8B54}.Debug|Any CPU.ActiveCfg = Debug|Any CPU
		{E5EF4DC5-5990-4C62-A720-8D24538C8B54}.Debug|Any CPU.Build.0 = Debug|Any CPU
		{E5EF4DC5-5990-4C62-A720-8D24538C8B54}.Release|Any CPU.ActiveCfg = Release|Any CPU
		{E5EF4DC5-5990-4C62-A720-8D24538C8B54}.Release|Any CPU.Build.0 = Release|Any CPU
		{3B7721FB-6E9C-4700-81CC-E835F0DFBA29}.Debug|Any CPU.ActiveCfg = Debug
		{3B7721FB-6E9C-4700-81CC-E835F0DFBA29}.Release|Any CPU.ActiveCfg = Release
	EndGlobalSection
	GlobalSection(SolutionProperties) = preSolution
		HideSolutionNode = FALSE
	EndGlobalSection
	GlobalSection(ExtensibilityGlobals) = postSolution
		SolutionGuid = {6028A88E-827F-4037-8E95-A5E17EC105AB}
	EndGlobalSection
EndGlobal
